
Microsoft Visual Studio Solution File, Format Version 11.00
# Visual Studio 2010
Project("{2150E333-8FDC-42A3-9474-1A3956D46DE8}") = "SolutionItems", "SolutionItems", "{CC827EAE-717A-4EE0-99E5-132409442F0C}"
	ProjectSection(SolutionItems) = preProject
		README = README
		Todo.txt = Todo.txt
	EndProjectSection
EndProject
Project("{FAE04EC0-301F-11D3-BF4B-00C04F79EFBC}") = "QuickLZ", "QuickLZ\QuickLZ.csproj", "{E6E55A4B-594E-4B06-AD61-29DF6073B39B}"
EndProject
Project("{FAE04EC0-301F-11D3-BF4B-00C04F79EFBC}") = "QuickLZ.Tests", "QuickLZ.Tests\QuickLZ.Tests.csproj", "{117A76BC-D0B3-4BA4-A3C6-5A2222FFAB8D}"
EndProject
Global
	GlobalSection(SolutionConfigurationPlatforms) = preSolution
		Debug|Any CPU = Debug|Any CPU
		Debug|x64 = Debug|x64
		Release|Any CPU = Release|Any CPU
		Release|x64 = Release|x64
	EndGlobalSection
	GlobalSection(ProjectConfigurationPlatforms) = postSolution
		{E6E55A4B-594E-4B06-AD61-29DF6073B39B}.Debug|Any CPU.ActiveCfg = Debug|Any CPU
		{E6E55A4B-594E-4B06-AD61-29DF6073B39B}.Debug|Any CPU.Build.0 = Debug|Any CPU
		{E6E55A4B-594E-4B06-AD61-29DF6073B39B}.Debug|x64.ActiveCfg = Debug|x64
		{E6E55A4B-594E-4B06-AD61-29DF6073B39B}.Debug|x64.Build.0 = Debug|x64
		{E6E55A4B-594E-4B06-AD61-29DF6073B39B}.Release|Any CPU.ActiveCfg = Release|Any CPU
		{E6E55A4B-594E-4B06-AD61-29DF6073B39B}.Release|Any CPU.Build.0 = Release|Any CPU
		{E6E55A4B-594E-4B06-AD61-29DF6073B39B}.Release|x64.ActiveCfg = Release|x64
		{E6E55A4B-594E-4B06-AD61-29DF6073B39B}.Release|x64.Build.0 = Release|x64
		{117A76BC-D0B3-4BA4-A3C6-5A2222FFAB8D}.Debug|Any CPU.ActiveCfg = Debug|Any CPU
		{117A76BC-D0B3-4BA4-A3C6-5A2222FFAB8D}.Debug|Any CPU.Build.0 = Debug|Any CPU
		{117A76BC-D0B3-4BA4-A3C6-5A2222FFAB8D}.Debug|x64.ActiveCfg = Debug|Any CPU
		{117A76BC-D0B3-4BA4-A3C6-5A2222FFAB8D}.Release|Any CPU.ActiveCfg = Release|Any CPU
		{117A76BC-D0B3-4BA4-A3C6-5A2222FFAB8D}.Release|Any CPU.Build.0 = Release|Any CPU
		{117A76BC-D0B3-4BA4-A3C6-5A2222FFAB8D}.Release|x64.ActiveCfg = Release|Any CPU
	EndGlobalSection
	GlobalSection(SolutionProperties) = preSolution
		HideSolutionNode = FALSE
	EndGlobalSection
EndGlobal
